
Microsoft Visual Studio Solution File, Format Version 12.00
# Visual Studio 15
VisualStudioVersion = 15.0.28307.1259
MinimumVisualStudioVersion = 10.0.40219.1
Project("{8BC9CEB8-8B4A-11D0-8D11-00A0C91BC942}") = "PT", "PT\PT.vcxproj", "{72845848-E788-4F3A-AADD-D2DBE7BDB039}"
EndProject
Global
	GlobalSection(SolutionConfigurationPlatforms) = preSolution
		Debug|x64 = Debug|x64
		Release|x64 = Release|x64
	EndGlobalSection
	GlobalSection(ProjectConfigurationPlatforms) = postSolution
		{72845848-E788-4F3A-AADD-D2DBE7BDB039}.Debug|x64.ActiveCfg = Debug|x64
		{72845848-E788-4F3A-AADD-D2DBE7BDB039}.Debug|x64.Build.0 = Debug|x64
		{72845848-E788-4F3A-AADD-D2DBE7BDB039}.Release|x64.ActiveCfg = Release|x64
		{72845848-E788-4F3A-AADD-D2DBE7BDB039}.Release|x64.Build.0 = Release|x64
	EndGlobalSection
	GlobalSection(SolutionProperties) = preSolution
		HideSolutionNode = FALSE
	EndGlobalSection
	GlobalSection(ExtensibilityGlobals) = postSolution
		SolutionGuid = {48B61E7F-4045-4316-8F2E-C5059157C3CE}
	EndGlobalSection
EndGlobal
