<?xml version="1.0" encoding="utf-8"?>
<Project ToolsVersion="4.0" xmlns="http://schemas.microsoft.com/developer/msbuild/2003">
  <ItemGroup>
    <Filter Include="src">
      <UniqueIdentifier>{a4d7a36c-914b-4856-b143-d2603f3c06b8}</UniqueIdentifier>
    </Filter>
    <Filter Include="inc">
      <UniqueIdentifier>{6f039645-1886-4ea6-8ca6-35848dd1f4d9}</UniqueIdentifier>
    </Filter>
  </ItemGroup>
  <ItemGroup>
    <ClCompile Include="init.cpp">
      <Filter>src</Filter>
    </ClCompile>
    <ClCompile Include="main.cpp">
      <Filter>src</Filter>
    </ClCompile>
    <ClCompile Include="vec_math.cpp">
      <Filter>src</Filter>
    </ClCompile>
    <ClCompile Include="gpu_scene.cpp">
      <Filter>src</Filter>
    </ClCompile>
  </ItemGroup>
  <ItemGroup>
    <ClInclude Include="pt.h">
      <Filter>inc</Filter>
    </ClInclude>
    <ClInclude Include="camera.h">
      <Filter>inc</Filter>
    </ClInclude>
    <ClInclude Include="vec_math.h">
      <Filter>inc</Filter>
    </ClInclude>
    <ClInclude Include="shape.h">
      <Filter>inc</Filter>
    </ClInclude>
    <ClInclude Include="sphere.h">
      <Filter>inc</Filter>
    </ClInclude>
    <ClInclude Include="gpu_scene.h">
      <Filter>inc</Filter>
    </ClInclude>
    <ClInclude Include="plane.h">
      <Filter>inc</Filter>
    </ClInclude>
  </ItemGroup>
  <ItemGroup>
    <CudaCompile Include="init_gpu_kernel.cu">
      <Filter>src</Filter>
    </CudaCompile>
    <CudaCompile Include="render.cu">
      <Filter>src</Filter>
    </CudaCompile>
  </ItemGroup>
</Project>