<?xml version="1.0" encoding="utf-8"?>
<Project ToolsVersion="4.0" xmlns="http://schemas.microsoft.com/developer/msbuild/2003">
  <ItemGroup>
    <Filter Include="src">
      <UniqueIdentifier>{a4d7a36c-914b-4856-b143-d2603f3c06b8}</UniqueIdentifier>
    </Filter>
    <Filter Include="inc">
      <UniqueIdentifier>{6f039645-1886-4ea6-8ca6-35848dd1f4d9}</UniqueIdentifier>
    </Filter>
    <Filter Include="src\cuda">
      <UniqueIdentifier>{e24085e4-c219-4d8d-8da3-f75112b2ac07}</UniqueIdentifier>
    </Filter>
    <Filter Include="src\sphere">
      <UniqueIdentifier>{604c9fb6-c284-4705-a1e6-2c27b63cba66}</UniqueIdentifier>
    </Filter>
    <Filter Include="src\triangle">
      <UniqueIdentifier>{7fdb8ce8-6383-4f95-822d-5c35ece9681f}</UniqueIdentifier>
    </Filter>
  </ItemGroup>
  <ItemGroup>
    <ClCompile Include="init.cpp">
      <Filter>src</Filter>
    </ClCompile>
    <ClCompile Include="main.cpp">
      <Filter>src</Filter>
    </ClCompile>
    <ClCompile Include="vec_math.cpp">
      <Filter>src</Filter>
    </ClCompile>
    <ClCompile Include="gpu_scene.cpp">
      <Filter>src</Filter>
    </ClCompile>
  </ItemGroup>
  <ItemGroup>
    <ClInclude Include="pt.h">
      <Filter>inc</Filter>
    </ClInclude>
    <ClInclude Include="camera.h">
      <Filter>inc</Filter>
    </ClInclude>
    <ClInclude Include="vec_math.h">
      <Filter>inc</Filter>
    </ClInclude>
    <ClInclude Include="shape.h">
      <Filter>inc</Filter>
    </ClInclude>
    <ClInclude Include="sphere.h">
      <Filter>inc</Filter>
    </ClInclude>
    <ClInclude Include="gpu_scene.h">
      <Filter>inc</Filter>
    </ClInclude>
    <ClInclude Include="plane.h">
      <Filter>inc</Filter>
    </ClInclude>
    <ClInclude Include="image.h">
      <Filter>inc</Filter>
    </ClInclude>
    <ClInclude Include="triangle.h">
      <Filter>inc</Filter>
    </ClInclude>
    <ClInclude Include="mesh.h">
      <Filter>inc</Filter>
    </ClInclude>
    <ClInclude Include="matrix.h">
      <Filter>inc</Filter>
    </ClInclude>
    <ClInclude Include="light.h">
      <Filter>inc</Filter>
    </ClInclude>
  </ItemGroup>
  <ItemGroup>
    <CudaCompile Include="render.cu">
      <Filter>src\cuda</Filter>
    </CudaCompile>
    <CudaCompile Include="init_gpu_kernel.cu">
      <Filter>src\cuda</Filter>
    </CudaCompile>
  </ItemGroup>
</Project>